{
  "name": "ember-app",
  "version": "1.0.0",
  "lockfileVersion": 1,
  "requires": true,
  "dependencies": {
    "turbo": {
      "version": "1.1.2",
      "resolved": "https://registry.npmjs.org/turbo/-/turbo-1.1.2.tgz",
      "integrity": "sha512-3ViHKyAkaBKNKwHASTa1zkVT3tVVhQNLrpxBS7LoN+794ouQUYmy6lf0rTqzG3iTZHtIDwC+piZSdTl4XjEVMg==",
      "dev": true,
      "requires": {
        "turbo-darwin-64": "1.1.2",
        "turbo-darwin-arm64": "1.1.2",
        "turbo-freebsd-64": "1.1.2",
        "turbo-freebsd-arm64": "1.1.2",
        "turbo-linux-32": "1.1.2",
        "turbo-linux-64": "1.1.2",
        "turbo-linux-arm": "1.1.2",
        "turbo-linux-arm64": "1.1.2",
        "turbo-linux-mips64le": "1.1.2",
        "turbo-linux-ppc64le": "1.1.2",
        "turbo-windows-32": "1.1.2",
        "turbo-windows-64": "1.1.2"
      }
    },
    "turbo-darwin-64": {
      "version": "1.1.2",
      "resolved": "https://registry.npmjs.org/turbo-darwin-64/-/turbo-darwin-64-1.1.2.tgz",
      "integrity": "sha512-rua17HnVvAqAU54gVfiQoH7cfopOqANv+yI6NtxLMD8aFfX2cJ9m8SSvH2v2vCaToNDW6OnTkdqDKQpqIHzbCw==",
      "dev": true,
      "optional": true
    },
    "turbo-darwin-arm64": {
      "version": "1.1.2",
      "resolved": "https://registry.npmjs.org/turbo-darwin-arm64/-/turbo-darwin-arm64-1.1.2.tgz",
      "integrity": "sha512-otqSQNYDyKg0KqB3NM0BI4oiRPKdJkUE/XBn8dcUS+zeRLrL00XtaM0eSwynZs1tb6zU/Y+SPMSBRygD1TCOnw==",
      "dev": true,
      "optional": true
    },
    "turbo-freebsd-64": {
      "version": "1.1.2",
      "resolved": "https://registry.npmjs.org/turbo-freebsd-64/-/turbo-freebsd-64-1.1.2.tgz",
      "integrity": "sha512-2nxwVDTAM0DtIQ2i3UOfEsQLF7vp+XZ/b9SKtiHxz710fXvdyuGivYI25axDdcBn8kQ45rnbUnarF1aW8CMGgg==",
      "dev": true,
      "optional": true
    },
    "turbo-freebsd-arm64": {
      "version": "1.1.2",
      "resolved": "https://registry.npmjs.org/turbo-freebsd-arm64/-/turbo-freebsd-arm64-1.1.2.tgz",
      "integrity": "sha512-ro1Ah96yzgzyT0BJe1mceAqxPxi0pUwzAvN3IKVpMqi4hYkT3aRbzDCaSxzyC6let2Al/NUsgHnbAv38OF2Xkw==",
      "dev": true,
      "optional": true
    },
    "turbo-linux-32": {
      "version": "1.1.2",
      "resolved": "https://registry.npmjs.org/turbo-linux-32/-/turbo-linux-32-1.1.2.tgz",
      "integrity": "sha512-HKBsETxQMVaf/DJwMg7pypPbGA6KEu0gEf9C8o2aPJvwMPBYgNsNaU08Xizuh5xzEQTzpbIWfQyqdNgMV4RG3Q==",
      "dev": true,
      "optional": true
    },
    "turbo-linux-64": {
      "version": "1.1.2",
      "resolved": "https://registry.npmjs.org/turbo-linux-64/-/turbo-linux-64-1.1.2.tgz",
      "integrity": "sha512-IklKsOklcRHIWkTzKg95BQ6jgJ53kLvRMrp8yqzlvZprkWdiyhAgUxrUTTHOOTce2XA3+jdN2+MwixG44uY2vg==",
      "dev": true,
      "optional": true
    },
    "turbo-linux-arm": {
      "version": "1.1.2",
      "resolved": "https://registry.npmjs.org/turbo-linux-arm/-/turbo-linux-arm-1.1.2.tgz",
      "integrity": "sha512-CNbaTvRozq7H/5jpy9OZlzJ6BkeEXF+nF2n9dHiUrbAXd3nq84Qt9odcQJmGnexP19YS9w6l3tIHncX4BgwtqA==",
      "dev": true,
      "optional": true
    },
    "turbo-linux-arm64": {
      "version": "1.1.2",
      "resolved": "https://registry.npmjs.org/turbo-linux-arm64/-/turbo-linux-arm64-1.1.2.tgz",
      "integrity": "sha512-3kS6sk2lOtuBBqkcL+yeGqD1yew4UZ1o7XUcbDD8UPwhF2kAfK7Qs0vTJw4lnO1scjhihkoTrmXM7yozvjf4/w==",
      "dev": true,
      "optional": true
    },
    "turbo-linux-mips64le": {
      "version": "1.1.2",
      "resolved": "https://registry.npmjs.org/turbo-linux-mips64le/-/turbo-linux-mips64le-1.1.2.tgz",
      "integrity": "sha512-CDoXVIlW43C6KLgYxe13KkG8h6DswXHxbTVHiZdOwRQ56j46lU+JOVpLoh6wpQGcHvj58VEiypZBRTGVFMeogw==",
      "dev": true,
      "optional": true
    },
    "turbo-linux-ppc64le": {
      "version": "1.1.2",
      "resolved": "https://registry.npmjs.org/turbo-linux-ppc64le/-/turbo-linux-ppc64le-1.1.2.tgz",
      "integrity": "sha512-xPVMHoiOJE/qI63jSOXwYIUFQXLdstxDV6fLnRxvq0QnJNxgTKq+mLUeE8M4LDVh1bdqHLcfk/HmyQ6+X1XVkQ==",
      "dev": true,
      "optional": true
    },
    "turbo-windows-32": {
      "version": "1.1.2",
      "resolved": "https://registry.npmjs.org/turbo-windows-32/-/turbo-windows-32-1.1.2.tgz",
      "integrity": "sha512-Gj1yvPE0aMDSOxGVSBaecLnwsVDT1xX8U0dtLrg52TYY2jlaci0atjHKr9nTFuX7z8uwAf6PopwdriGoCeT3ng==",
      "dev": true,
      "optional": true
    },
    "turbo-windows-64": {
      "version": "1.1.2",
      "resolved": "https://registry.npmjs.org/turbo-windows-64/-/turbo-windows-64-1.1.2.tgz",
      "integrity": "sha512-0Ncx/iKhnKrdAU8hJ+8NUcF9jtFr8KoW5mMWfiFzy+mgUbVKbpzWT2eoGR6zJExedQsRvYOejbEX5iihbnj5bA==",
      "dev": true,
      "optional": true
    }
  }
}
